{
  "nodes": {
    "librw": {
      "flake": false,
      "locked": {
        "lastModified": 1787759601,
        "narHash": "sha256-FfaNUACejubK3JrYYYTYo2LJ+ZV6wV3qrBUpMbBCTzE=",
        "owner": "aap",
        "repo": "librw",
        "rev": "18532c2e13efbc1aa43f0b00b4459831f9414de0",
        "type": "github"
      },
      "original": {
        "owner": "aap",
        "repo": "librw",
        "type": "github"
      }
    },
    "nixpkgs": {
      "locked": {
        "lastModified": 1788297115,
        "narHash": "sha256-Z+vUNbfd2FIKkWOTkcT7RYlh3oFCnig/d2eXD1SWf2E=",
        "owner": "NixOS",
        "repo": "nixpkgs",
        "rev": "a3116115851d68b8952a2a4221cc25a84e56b532",
        "type": "github"
      },
      "original": {
        "owner": "NixOS",
        "ref": "nixos-26.05",
        "repo": "nixpkgs",
        "type": "github"
      }
    },
    "ogg": {
      "flake": false,
      "locked": {
        "lastModified": 1772457035,
        "narHash": "sha256-neCZLIrl3Uw58/N3FM3pm6Y7gV8WuVmJgfs9wfTK1to=",
        "owner": "xiph",
        "repo": "ogg",
        "rev": "06a5e0262cdc28aa4ae6797627a783b5010440f0",
        "type": "github"
      },
      "original": {
        "owner": "xiph",
        "repo": "ogg",
        "type": "github"
      }
    },
    "opus": {
      "flake": false,
      "locked": {
        "lastModified": 1787952689,
        "narHash": "sha256-8pZMximCOToNhVGg6Ytk/3QjqbrDFaydhC1ob/ZwpxM=",
        "owner": "xiph",
        "repo": "opus",
        "rev": "8f39f9725c9546d64c6eb8fff4d8c1b19abba1e6",
        "type": "github"
      },
      "original": {
        "owner": "xiph",
        "repo": "opus",
        "type": "github"
      }
    },
    "opusfile": {
      "flake": false,
      "locked": {
        "lastModified": 1774735143,
        "narHash": "sha256-z0AdE4zgDYkHlMmEovdeMOFXTr8hGlFAJ5vfPXGPDzk=",
        "owner": "xiph",
        "repo": "opusfile",
        "rev": "6dfd29e7adb87f2e193575fc3fa88cbf1a0b27df",
        "type": "github"
      },
      "original": {
        "owner": "xiph",
        "repo": "opusfile",
        "type": "github"
      }
    },
    "root": {
      "inputs": {
        "librw": "librw",
        "nixpkgs": "nixpkgs",
        "ogg": "ogg",
        "opus": "opus",
        "opusfile": "opusfile"
      }
    }
  },
  "root": "root",
  "version": 7
}
